<?xml version="1.0" encoding="utf-8"?>
<Project ToolsVersion="4.0" xmlns="http://schemas.microsoft.com/developer/msbuild/2003">
  <ItemGroup>
    <ClCompile Include="..\..\..\..\include\source\sqlite3.c" />
    <ClCompile Include="dice.c" />
    <ClCompile Include="php_yugioh.c" />
    <ClCompile Include="util.c" />
    <ClCompile Include="yugioh.c" />
    <ClCompile Include="lzma\C\LzmaDec.c">
      <Filter>lzma</Filter>
    </ClCompile>
    <ClCompile Include="lzma\C\Alloc.c">
      <Filter>lzma</Filter>
    </ClCompile>
    <ClCompile Include="replay_reader.c" />
  </ItemGroup>
  <ItemGroup>
    <ClInclude Include="dice.h" />
    <ClInclude Include="php_yugioh.h" />
    <ClInclude Include="util.h" />
    <ClInclude Include="yugioh.h" />
    <ClInclude Include="replay_reader.h" />
  </ItemGroup>
  <ItemGroup>
    <Filter Include="lzma">
      <UniqueIdentifier>{67a3b58c-5e16-4ddc-9284-5314a85a9857}</UniqueIdentifier>
    </Filter>
  </ItemGroup>
</Project>